
Microsoft Visual Studio Solution File, Format Version 12.00
# Visual Studio Version 17
VisualStudioVersion = 17.14.37411.7
MinimumVisualStudioVersion = 10.0.40219.1
Project("{FAE04EC0-301F-11D3-BF4B-00C04F79EFBC}") = "Limelight", "Limelight.csproj", "{03BB9578-AFA0-4456-81C0-584207616604}"
EndProject
Global
	GlobalSection(SolutionConfigurationPlatforms) = preSolution
		Debug|Any CPU = Debug|Any CPU
		Release|Any CPU = Release|Any CPU
		Test|Any CPU = Test|Any CPU
	EndGlobalSection
	GlobalSection(ProjectConfigurationPlatforms) = postSolution
		{03BB9578-AFA0-4456-81C0-584207616604}.Debug|Any CPU.ActiveCfg = Debug|Any CPU
		{03BB9578-AFA0-4456-81C0-584207616604}.Debug|Any CPU.Build.0 = Debug|Any CPU
		{03BB9578-AFA0-4456-81C0-584207616604}.Release|Any CPU.ActiveCfg = Release|Any CPU
		{03BB9578-AFA0-4456-81C0-584207616604}.Release|Any CPU.Build.0 = Release|Any CPU
		{03BB9578-AFA0-4456-81C0-584207616604}.Test|Any CPU.ActiveCfg = Test|Any CPU
		{03BB9578-AFA0-4456-81C0-584207616604}.Test|Any CPU.Build.0 = Test|Any CPU
	EndGlobalSection
	GlobalSection(SolutionProperties) = preSolution
		HideSolutionNode = FALSE
	EndGlobalSection
	GlobalSection(ExtensibilityGlobals) = postSolution
		SolutionGuid = {A9340C88-41E6-4EA6-8880-3FC8383030F9}
	EndGlobalSection
EndGlobal
